Microsoft Visual Studio Solution File, Format Version 12.00
# Visual Studio 2012
Project("{FAE04EC0-301F-11D3-BF4B-00C04F79EFBC}") = "my_dodge_the_creeps_2d", "my_dodge_the_creeps_2d.csproj", "{938E8931-0F64-44F5-8152-E7BE60821100}"
EndProject
Global
	GlobalSection(SolutionConfigurationPlatforms) = preSolution
	Debug|Any CPU = Debug|Any CPU
	ExportDebug|Any CPU = ExportDebug|Any CPU
	ExportRelease|Any CPU = ExportRelease|Any CPU
	EndGlobalSection
	GlobalSection(ProjectConfigurationPlatforms) = postSolution
		{938E8931-0F64-44F5-8152-E7BE60821100}.Debug|Any CPU.ActiveCfg = Debug|Any CPU
		{938E8931-0F64-44F5-8152-E7BE60821100}.Debug|Any CPU.Build.0 = Debug|Any CPU
		{938E8931-0F64-44F5-8152-E7BE60821100}.ExportDebug|Any CPU.ActiveCfg = ExportDebug|Any CPU
		{938E8931-0F64-44F5-8152-E7BE60821100}.ExportDebug|Any CPU.Build.0 = ExportDebug|Any CPU
		{938E8931-0F64-44F5-8152-E7BE60821100}.ExportRelease|Any CPU.ActiveCfg = ExportRelease|Any CPU
		{938E8931-0F64-44F5-8152-E7BE60821100}.ExportRelease|Any CPU.Build.0 = ExportRelease|Any CPU
	EndGlobalSection
EndGlobal
